
Microsoft Visual Studio Solution File, Format Version 12.00
# Visual Studio Version 16
VisualStudioVersion = 16.0.30907.101
MinimumVisualStudioVersion = 10.0.40219.1
Project("{9A19103F-16F7-4668-BE54-9A1E7A4F7556}") = "Contracts", "Contracts\Contracts.csproj", "{B6F6A90E-933A-45E9-959C-E25B5719EE80}"
EndProject
Project("{9A19103F-16F7-4668-BE54-9A1E7A4F7556}") = "LoggerService", "LoggerService\LoggerService.csproj", "{A04FD959-E0F0-44D3-B6A9-1F475B73AAD5}"
EndProject
Project("{9A19103F-16F7-4668-BE54-9A1E7A4F7556}") = "Data", "Data\Data.csproj", "{CC0B6FEF-8861-4538-A97F-A919E808378C}"
EndProject
Project("{9A19103F-16F7-4668-BE54-9A1E7A4F7556}") = "Repository", "Repository\Repository.csproj", "{D41AE711-2BE9-427E-A0B9-EF3AAFBFAC35}"
EndProject
Project("{9A19103F-16F7-4668-BE54-9A1E7A4F7556}") = "WebApp", "WebApp\WebApp.csproj", "{C63D69AC-7A41-4B56-8E5D-36F63B9918A4}"
EndProject
Global
	GlobalSection(SolutionConfigurationPlatforms) = preSolution
		Debug|Any CPU = Debug|Any CPU
		Release|Any CPU = Release|Any CPU
	EndGlobalSection
	GlobalSection(ProjectConfigurationPlatforms) = postSolution
		{B6F6A90E-933A-45E9-959C-E25B5719EE80}.Debug|Any CPU.ActiveCfg = Debug|Any CPU
		{B6F6A90E-933A-45E9-959C-E25B5719EE80}.Debug|Any CPU.Build.0 = Debug|Any CPU
		{B6F6A90E-933A-45E9-959C-E25B5719EE80}.Release|Any CPU.ActiveCfg = Release|Any CPU
		{B6F6A90E-933A-45E9-959C-E25B5719EE80}.Release|Any CPU.Build.0 = Release|Any CPU
		{A04FD959-E0F0-44D3-B6A9-1F475B73AAD5}.Debug|Any CPU.ActiveCfg = Debug|Any CPU
		{A04FD959-E0F0-44D3-B6A9-1F475B73AAD5}.Debug|Any CPU.Build.0 = Debug|Any CPU
		{A04FD959-E0F0-44D3-B6A9-1F475B73AAD5}.Release|Any CPU.ActiveCfg = Release|Any CPU
		{A04FD959-E0F0-44D3-B6A9-1F475B73AAD5}.Release|Any CPU.Build.0 = Release|Any CPU
		{CC0B6FEF-8861-4538-A97F-A919E808378C}.Debug|Any CPU.ActiveCfg = Debug|Any CPU
		{CC0B6FEF-8861-4538-A97F-A919E808378C}.Debug|Any CPU.Build.0 = Debug|Any CPU
		{CC0B6FEF-8861-4538-A97F-A919E808378C}.Release|Any CPU.ActiveCfg = Release|Any CPU
		{CC0B6FEF-8861-4538-A97F-A919E808378C}.Release|Any CPU.Build.0 = Release|Any CPU
		{D41AE711-2BE9-427E-A0B9-EF3AAFBFAC35}.Debug|Any CPU.ActiveCfg = Debug|Any CPU
		{D41AE711-2BE9-427E-A0B9-EF3AAFBFAC35}.Debug|Any CPU.Build.0 = Debug|Any CPU
		{D41AE711-2BE9-427E-A0B9-EF3AAFBFAC35}.Release|Any CPU.ActiveCfg = Release|Any CPU
		{D41AE711-2BE9-427E-A0B9-EF3AAFBFAC35}.Release|Any CPU.Build.0 = Release|Any CPU
		{C63D69AC-7A41-4B56-8E5D-36F63B9918A4}.Debug|Any CPU.ActiveCfg = Debug|Any CPU
		{C63D69AC-7A41-4B56-8E5D-36F63B9918A4}.Debug|Any CPU.Build.0 = Debug|Any CPU
		{C63D69AC-7A41-4B56-8E5D-36F63B9918A4}.Release|Any CPU.ActiveCfg = Release|Any CPU
		{C63D69AC-7A41-4B56-8E5D-36F63B9918A4}.Release|Any CPU.Build.0 = Release|Any CPU
	EndGlobalSection
	GlobalSection(SolutionProperties) = preSolution
		HideSolutionNode = FALSE
	EndGlobalSection
	GlobalSection(ExtensibilityGlobals) = postSolution
		SolutionGuid = {5C2D207A-B7BB-4F51-A181-9A059F9EA40A}
	EndGlobalSection
EndGlobal
